
Microsoft Visual Studio Solution File, Format Version 11.00
# Visual Studio 2010
Project("{FAE04EC0-301F-11D3-BF4B-00C04F79EFBC}") = "GeometricVR", "Assembly-CSharp.csproj", "{2FEB392C-CC7C-5CBA-A663-01478B0C4882}"
EndProject
Project("{FAE04EC0-301F-11D3-BF4B-00C04F79EFBC}") = "GeometricVR", "Assembly-CSharp-Editor.csproj", "{5EB8F3FD-D72F-77A1-6CBC-5C037F1985B0}"
EndProject
Global
	GlobalSection(SolutionConfigurationPlatforms) = preSolution
		Debug|Any CPU = Debug|Any CPU
		Release|Any CPU = Release|Any CPU
	EndGlobalSection
	GlobalSection(ProjectConfigurationPlatforms) = postSolution
		{2FEB392C-CC7C-5CBA-A663-01478B0C4882}.Debug|Any CPU.ActiveCfg = Debug|Any CPU
		{2FEB392C-CC7C-5CBA-A663-01478B0C4882}.Debug|Any CPU.Build.0 = Debug|Any CPU
		{2FEB392C-CC7C-5CBA-A663-01478B0C4882}.Release|Any CPU.ActiveCfg = Release|Any CPU
		{2FEB392C-CC7C-5CBA-A663-01478B0C4882}.Release|Any CPU.Build.0 = Release|Any CPU
		{5EB8F3FD-D72F-77A1-6CBC-5C037F1985B0}.Debug|Any CPU.ActiveCfg = Debug|Any CPU
		{5EB8F3FD-D72F-77A1-6CBC-5C037F1985B0}.Debug|Any CPU.Build.0 = Debug|Any CPU
		{5EB8F3FD-D72F-77A1-6CBC-5C037F1985B0}.Release|Any CPU.ActiveCfg = Release|Any CPU
		{5EB8F3FD-D72F-77A1-6CBC-5C037F1985B0}.Release|Any CPU.Build.0 = Release|Any CPU
	EndGlobalSection
	GlobalSection(SolutionProperties) = preSolution
		HideSolutionNode = FALSE
	EndGlobalSection
	GlobalSection(MonoDevelopProperties) = preSolution
		StartupItem = Assembly-CSharp.csproj
	EndGlobalSection
EndGlobal
